
Microsoft Visual Studio Solution File, Format Version 10.00
# Visual Studio 2008
Project("{8BC9CEB8-8B4A-11D0-8D11-00A0C91BC942}") = "Sample.07", "Sample.07\Sample.07.vcproj", "{DD890699-1DDE-4A21-AFCD-02B5B78CC022}"
	ProjectSection(ProjectDependencies) = postProject
		{69C5EA5A-A3E7-4209-B571-06B30E2E9D21} = {69C5EA5A-A3E7-4209-B571-06B30E2E9D21}
		{CCAF946C-E3F1-4F51-8676-DE90CD49280B} = {CCAF946C-E3F1-4F51-8676-DE90CD49280B}
		{ED75D6D8-0052-4A6C-9401-4BBF99BCE4E4} = {ED75D6D8-0052-4A6C-9401-4BBF99BCE4E4}
	EndProjectSection
EndProject
Project("{8BC9CEB8-8B4A-11D0-8D11-00A0C91BC942}") = "DataEncrypt", "..\Post-Build Utilites\DataEncrypt\DataEncrypt.vcproj", "{ED75D6D8-0052-4A6C-9401-4BBF99BCE4E4}"
EndProject
Project("{8BC9CEB8-8B4A-11D0-8D11-00A0C91BC942}") = "CRC32Protect", "..\Post-Build Utilites\CRC32Protect\CRC32Protect.vcproj", "{CCAF946C-E3F1-4F51-8676-DE90CD49280B}"
EndProject
Project("{8BC9CEB8-8B4A-11D0-8D11-00A0C91BC942}") = "ECCProtect", "..\Post-Build Utilites\ECCProtect\ECCProtect.vcproj", "{69C5EA5A-A3E7-4209-B571-06B30E2E9D21}"
EndProject
Global
	GlobalSection(SolutionConfigurationPlatforms) = preSolution
		Debug|Win32 = Debug|Win32
		Release|Win32 = Release|Win32
	EndGlobalSection
	GlobalSection(ProjectConfigurationPlatforms) = postSolution
		{DD890699-1DDE-4A21-AFCD-02B5B78CC022}.Debug|Win32.ActiveCfg = Debug|Win32
		{DD890699-1DDE-4A21-AFCD-02B5B78CC022}.Debug|Win32.Build.0 = Debug|Win32
		{DD890699-1DDE-4A21-AFCD-02B5B78CC022}.Release|Win32.ActiveCfg = Release|Win32
		{DD890699-1DDE-4A21-AFCD-02B5B78CC022}.Release|Win32.Build.0 = Release|Win32
		{ED75D6D8-0052-4A6C-9401-4BBF99BCE4E4}.Debug|Win32.ActiveCfg = Debug|Win32
		{ED75D6D8-0052-4A6C-9401-4BBF99BCE4E4}.Debug|Win32.Build.0 = Debug|Win32
		{ED75D6D8-0052-4A6C-9401-4BBF99BCE4E4}.Release|Win32.ActiveCfg = Release|Win32
		{ED75D6D8-0052-4A6C-9401-4BBF99BCE4E4}.Release|Win32.Build.0 = Release|Win32
		{CCAF946C-E3F1-4F51-8676-DE90CD49280B}.Debug|Win32.ActiveCfg = Debug|Win32
		{CCAF946C-E3F1-4F51-8676-DE90CD49280B}.Debug|Win32.Build.0 = Debug|Win32
		{CCAF946C-E3F1-4F51-8676-DE90CD49280B}.Release|Win32.ActiveCfg = Release|Win32
		{CCAF946C-E3F1-4F51-8676-DE90CD49280B}.Release|Win32.Build.0 = Release|Win32
		{69C5EA5A-A3E7-4209-B571-06B30E2E9D21}.Debug|Win32.ActiveCfg = Debug|Win32
		{69C5EA5A-A3E7-4209-B571-06B30E2E9D21}.Debug|Win32.Build.0 = Debug|Win32
		{69C5EA5A-A3E7-4209-B571-06B30E2E9D21}.Release|Win32.ActiveCfg = Release|Win32
		{69C5EA5A-A3E7-4209-B571-06B30E2E9D21}.Release|Win32.Build.0 = Release|Win32
	EndGlobalSection
	GlobalSection(SolutionProperties) = preSolution
		HideSolutionNode = FALSE
	EndGlobalSection
EndGlobal
