
Microsoft Visual Studio Solution File, Format Version 10.00
# Visual Studio 2008
Project("{8BC9CEB8-8B4A-11D0-8D11-00A0C91BC942}") = "Sample.Fixup", "Sample.Fixup\Sample.Fixup.vcproj", "{6DCAA342-2EF2-47E2-B691-9A725828724F}"
	ProjectSection(ProjectDependencies) = postProject
		{69C5EA5A-A3E7-4209-B571-06B30E2E9D21} = {69C5EA5A-A3E7-4209-B571-06B30E2E9D21}
		{CCAF946C-E3F1-4F51-8676-DE90CD49280B} = {CCAF946C-E3F1-4F51-8676-DE90CD49280B}
		{F0BFD59F-3019-47F0-8881-21915FD44E71} = {F0BFD59F-3019-47F0-8881-21915FD44E71}
		{ED75D6D8-0052-4A6C-9401-4BBF99BCE4E4} = {ED75D6D8-0052-4A6C-9401-4BBF99BCE4E4}
	EndProjectSection
EndProject
Project("{8BC9CEB8-8B4A-11D0-8D11-00A0C91BC942}") = "DataEncrypt", "..\Post-Build Utilites\DataEncrypt\DataEncrypt.vcproj", "{ED75D6D8-0052-4A6C-9401-4BBF99BCE4E4}"
EndProject
Project("{8BC9CEB8-8B4A-11D0-8D11-00A0C91BC942}") = "CodeEncrypt", "..\Post-Build Utilites\CodeEncrypt\CodeEncrypt.vcproj", "{F0BFD59F-3019-47F0-8881-21915FD44E71}"
EndProject
Project("{8BC9CEB8-8B4A-11D0-8D11-00A0C91BC942}") = "CRC32Protect", "..\Post-Build Utilites\CRC32Protect\CRC32Protect.vcproj", "{CCAF946C-E3F1-4F51-8676-DE90CD49280B}"
EndProject
Project("{8BC9CEB8-8B4A-11D0-8D11-00A0C91BC942}") = "ECCProtect", "..\Post-Build Utilites\ECCProtect\ECCProtect.vcproj", "{69C5EA5A-A3E7-4209-B571-06B30E2E9D21}"
EndProject
Global
	GlobalSection(SolutionConfigurationPlatforms) = preSolution
		Debug|Win32 = Debug|Win32
		Release|Win32 = Release|Win32
	EndGlobalSection
	GlobalSection(ProjectConfigurationPlatforms) = postSolution
		{6DCAA342-2EF2-47E2-B691-9A725828724F}.Debug|Win32.ActiveCfg = Debug|Win32
		{6DCAA342-2EF2-47E2-B691-9A725828724F}.Debug|Win32.Build.0 = Debug|Win32
		{6DCAA342-2EF2-47E2-B691-9A725828724F}.Release|Win32.ActiveCfg = Release|Win32
		{6DCAA342-2EF2-47E2-B691-9A725828724F}.Release|Win32.Build.0 = Release|Win32
		{ED75D6D8-0052-4A6C-9401-4BBF99BCE4E4}.Debug|Win32.ActiveCfg = Debug|Win32
		{ED75D6D8-0052-4A6C-9401-4BBF99BCE4E4}.Debug|Win32.Build.0 = Debug|Win32
		{ED75D6D8-0052-4A6C-9401-4BBF99BCE4E4}.Release|Win32.ActiveCfg = Release|Win32
		{ED75D6D8-0052-4A6C-9401-4BBF99BCE4E4}.Release|Win32.Build.0 = Release|Win32
		{F0BFD59F-3019-47F0-8881-21915FD44E71}.Debug|Win32.ActiveCfg = Debug|Win32
		{F0BFD59F-3019-47F0-8881-21915FD44E71}.Debug|Win32.Build.0 = Debug|Win32
		{F0BFD59F-3019-47F0-8881-21915FD44E71}.Release|Win32.ActiveCfg = Release|Win32
		{F0BFD59F-3019-47F0-8881-21915FD44E71}.Release|Win32.Build.0 = Release|Win32
		{CCAF946C-E3F1-4F51-8676-DE90CD49280B}.Debug|Win32.ActiveCfg = Debug|Win32
		{CCAF946C-E3F1-4F51-8676-DE90CD49280B}.Debug|Win32.Build.0 = Debug|Win32
		{CCAF946C-E3F1-4F51-8676-DE90CD49280B}.Release|Win32.ActiveCfg = Release|Win32
		{CCAF946C-E3F1-4F51-8676-DE90CD49280B}.Release|Win32.Build.0 = Release|Win32
		{69C5EA5A-A3E7-4209-B571-06B30E2E9D21}.Debug|Win32.ActiveCfg = Debug|Win32
		{69C5EA5A-A3E7-4209-B571-06B30E2E9D21}.Debug|Win32.Build.0 = Debug|Win32
		{69C5EA5A-A3E7-4209-B571-06B30E2E9D21}.Release|Win32.ActiveCfg = Release|Win32
		{69C5EA5A-A3E7-4209-B571-06B30E2E9D21}.Release|Win32.Build.0 = Release|Win32
	EndGlobalSection
	GlobalSection(SolutionProperties) = preSolution
		HideSolutionNode = FALSE
	EndGlobalSection
EndGlobal
